
Microsoft Visual Studio Solution File, Format Version 12.00
Project("{2150E333-8FDC-42A3-9474-1A3956D46DE8}") = "Src", "Src", "{CACDDDFD-1725-4D5C-8F51-DCADF935C0A5}"
EndProject
Project("{2150E333-8FDC-42A3-9474-1A3956D46DE8}") = "Common", "Common", "{4AE87BDE-A1AA-4FC1-A7C1-32EAA4A7152B}"
EndProject
Project("{2150E333-8FDC-42A3-9474-1A3956D46DE8}") = "Core", "Core", "{1DD36B1A-DF12-4BE7-8FBE-DF1293CB9E6E}"
EndProject
Project("{2150E333-8FDC-42A3-9474-1A3956D46DE8}") = "Infrastructure", "Infrastructure", "{215F3718-AA19-4B2D-AC0C-C326D44735FF}"
EndProject
Project("{2150E333-8FDC-42A3-9474-1A3956D46DE8}") = "Presentation", "Presentation", "{2C8495D2-929C-43BB-B2CA-E086BE42CED6}"
EndProject
Project("{FAE04EC0-301F-11D3-BF4B-00C04F79EFBC}") = "BankingSystem.Common", "BankingSystem.Common\BankingSystem.Common.csproj", "{CFF53E58-4F72-4B22-BA04-4DB8AA559DEB}"
EndProject
Project("{FAE04EC0-301F-11D3-BF4B-00C04F79EFBC}") = "BankingSystem.Domain", "BankingSystem.Domain\BankingSystem.Domain.csproj", "{9C425A64-37E3-4EE1-8FD4-10431AC3D6E2}"
EndProject
Project("{FAE04EC0-301F-11D3-BF4B-00C04F79EFBC}") = "BankingSystem.Application", "BankingSystem.Application\BankingSystem.Application.csproj", "{29A6A1ED-EBBD-4BAA-B479-0293D815DE78}"
EndProject
Project("{FAE04EC0-301F-11D3-BF4B-00C04F79EFBC}") = "BankingSystem.Persistance", "BankingSystem.Persistance\BankingSystem.Persistance.csproj", "{63D355F5-46BA-4CC1-A273-FF6250060676}"
EndProject
Project("{FAE04EC0-301F-11D3-BF4B-00C04F79EFBC}") = "BankingSystem.Infrastructure", "BankingSystem.Infrastructure\BankingSystem.Infrastructure.csproj", "{0A5B1E54-829E-4FAD-AB7E-6AA06CDCCE7D}"
EndProject
Project("{FAE04EC0-301F-11D3-BF4B-00C04F79EFBC}") = "BankingSystem.API", "BankingSystem.API\BankingSystem.API.csproj", "{22067203-D8A0-4663-9A80-D068DFA00E5D}"
EndProject
Project("{2150E333-8FDC-42A3-9474-1A3956D46DE8}") = "MicroServices", "MicroServices", "{6088F748-5245-4D25-9FB4-6552641A0C90}"
EndProject
Project("{FAE04EC0-301F-11D3-BF4B-00C04F79EFBC}") = "TransactionService", "TransactionService\TransactionService.csproj", "{16C75AB6-6770-464C-AD41-16C690CF742B}"
EndProject
Global
	GlobalSection(SolutionConfigurationPlatforms) = preSolution
		Debug|Any CPU = Debug|Any CPU
		Release|Any CPU = Release|Any CPU
	EndGlobalSection
	GlobalSection(NestedProjects) = preSolution
		{4AE87BDE-A1AA-4FC1-A7C1-32EAA4A7152B} = {CACDDDFD-1725-4D5C-8F51-DCADF935C0A5}
		{1DD36B1A-DF12-4BE7-8FBE-DF1293CB9E6E} = {CACDDDFD-1725-4D5C-8F51-DCADF935C0A5}
		{215F3718-AA19-4B2D-AC0C-C326D44735FF} = {CACDDDFD-1725-4D5C-8F51-DCADF935C0A5}
		{2C8495D2-929C-43BB-B2CA-E086BE42CED6} = {CACDDDFD-1725-4D5C-8F51-DCADF935C0A5}
		{CFF53E58-4F72-4B22-BA04-4DB8AA559DEB} = {4AE87BDE-A1AA-4FC1-A7C1-32EAA4A7152B}
		{9C425A64-37E3-4EE1-8FD4-10431AC3D6E2} = {1DD36B1A-DF12-4BE7-8FBE-DF1293CB9E6E}
		{29A6A1ED-EBBD-4BAA-B479-0293D815DE78} = {1DD36B1A-DF12-4BE7-8FBE-DF1293CB9E6E}
		{63D355F5-46BA-4CC1-A273-FF6250060676} = {215F3718-AA19-4B2D-AC0C-C326D44735FF}
		{0A5B1E54-829E-4FAD-AB7E-6AA06CDCCE7D} = {215F3718-AA19-4B2D-AC0C-C326D44735FF}
		{22067203-D8A0-4663-9A80-D068DFA00E5D} = {2C8495D2-929C-43BB-B2CA-E086BE42CED6}
		{6088F748-5245-4D25-9FB4-6552641A0C90} = {CACDDDFD-1725-4D5C-8F51-DCADF935C0A5}
		{16C75AB6-6770-464C-AD41-16C690CF742B} = {6088F748-5245-4D25-9FB4-6552641A0C90}
	EndGlobalSection
	GlobalSection(ProjectConfigurationPlatforms) = postSolution
		{CFF53E58-4F72-4B22-BA04-4DB8AA559DEB}.Debug|Any CPU.ActiveCfg = Debug|Any CPU
		{CFF53E58-4F72-4B22-BA04-4DB8AA559DEB}.Debug|Any CPU.Build.0 = Debug|Any CPU
		{CFF53E58-4F72-4B22-BA04-4DB8AA559DEB}.Release|Any CPU.ActiveCfg = Release|Any CPU
		{CFF53E58-4F72-4B22-BA04-4DB8AA559DEB}.Release|Any CPU.Build.0 = Release|Any CPU
		{9C425A64-37E3-4EE1-8FD4-10431AC3D6E2}.Debug|Any CPU.ActiveCfg = Debug|Any CPU
		{9C425A64-37E3-4EE1-8FD4-10431AC3D6E2}.Debug|Any CPU.Build.0 = Debug|Any CPU
		{9C425A64-37E3-4EE1-8FD4-10431AC3D6E2}.Release|Any CPU.ActiveCfg = Release|Any CPU
		{9C425A64-37E3-4EE1-8FD4-10431AC3D6E2}.Release|Any CPU.Build.0 = Release|Any CPU
		{29A6A1ED-EBBD-4BAA-B479-0293D815DE78}.Debug|Any CPU.ActiveCfg = Debug|Any CPU
		{29A6A1ED-EBBD-4BAA-B479-0293D815DE78}.Debug|Any CPU.Build.0 = Debug|Any CPU
		{29A6A1ED-EBBD-4BAA-B479-0293D815DE78}.Release|Any CPU.ActiveCfg = Release|Any CPU
		{29A6A1ED-EBBD-4BAA-B479-0293D815DE78}.Release|Any CPU.Build.0 = Release|Any CPU
		{63D355F5-46BA-4CC1-A273-FF6250060676}.Debug|Any CPU.ActiveCfg = Debug|Any CPU
		{63D355F5-46BA-4CC1-A273-FF6250060676}.Debug|Any CPU.Build.0 = Debug|Any CPU
		{63D355F5-46BA-4CC1-A273-FF6250060676}.Release|Any CPU.ActiveCfg = Release|Any CPU
		{63D355F5-46BA-4CC1-A273-FF6250060676}.Release|Any CPU.Build.0 = Release|Any CPU
		{0A5B1E54-829E-4FAD-AB7E-6AA06CDCCE7D}.Debug|Any CPU.ActiveCfg = Debug|Any CPU
		{0A5B1E54-829E-4FAD-AB7E-6AA06CDCCE7D}.Debug|Any CPU.Build.0 = Debug|Any CPU
		{0A5B1E54-829E-4FAD-AB7E-6AA06CDCCE7D}.Release|Any CPU.ActiveCfg = Release|Any CPU
		{0A5B1E54-829E-4FAD-AB7E-6AA06CDCCE7D}.Release|Any CPU.Build.0 = Release|Any CPU
		{22067203-D8A0-4663-9A80-D068DFA00E5D}.Debug|Any CPU.ActiveCfg = Debug|Any CPU
		{22067203-D8A0-4663-9A80-D068DFA00E5D}.Debug|Any CPU.Build.0 = Debug|Any CPU
		{22067203-D8A0-4663-9A80-D068DFA00E5D}.Release|Any CPU.ActiveCfg = Release|Any CPU
		{22067203-D8A0-4663-9A80-D068DFA00E5D}.Release|Any CPU.Build.0 = Release|Any CPU
		{16C75AB6-6770-464C-AD41-16C690CF742B}.Debug|Any CPU.ActiveCfg = Debug|Any CPU
		{16C75AB6-6770-464C-AD41-16C690CF742B}.Debug|Any CPU.Build.0 = Debug|Any CPU
		{16C75AB6-6770-464C-AD41-16C690CF742B}.Release|Any CPU.ActiveCfg = Release|Any CPU
		{16C75AB6-6770-464C-AD41-16C690CF742B}.Release|Any CPU.Build.0 = Release|Any CPU
	EndGlobalSection
EndGlobal
